
Microsoft Visual Studio Solution File, Format Version 12.00
# Visual Studio Version 16
VisualStudioVersion = 25.0.1704.2
MinimumVisualStudioVersion = 10.0.40219.1
Project("{FAE04EC0-301F-11D3-BF4B-00C04F79EFBC}") = "ChainOfResponsibility", "ChainOfResponsibility\ChainOfResponsibility.csproj", "{89FE9A08-13EB-451D-BA91-A905CEE82E73}"
EndProject
Project("{FAE04EC0-301F-11D3-BF4B-00C04F79EFBC}") = "VisitorPattern", "VisitorPattern\VisitorPattern.csproj", "{CAEB7B4D-4614-4A24-AE6F-D9E5FD6CCF47}"
EndProject
Project("{FAE04EC0-301F-11D3-BF4B-00C04F79EFBC}") = "VisitorPattern.Exercise", "VisitorPattern.Exercise\VisitorPattern.Exercise.csproj", "{E69188AF-6C45-4B29-85E1-1550900808A7}"
EndProject
Global
	GlobalSection(SolutionConfigurationPlatforms) = preSolution
		Debug|Any CPU = Debug|Any CPU
		Release|Any CPU = Release|Any CPU
	EndGlobalSection
	GlobalSection(ProjectConfigurationPlatforms) = postSolution
		{89FE9A08-13EB-451D-BA91-A905CEE82E73}.Debug|Any CPU.ActiveCfg = Debug|Any CPU
		{89FE9A08-13EB-451D-BA91-A905CEE82E73}.Debug|Any CPU.Build.0 = Debug|Any CPU
		{89FE9A08-13EB-451D-BA91-A905CEE82E73}.Release|Any CPU.ActiveCfg = Release|Any CPU
		{89FE9A08-13EB-451D-BA91-A905CEE82E73}.Release|Any CPU.Build.0 = Release|Any CPU
		{CAEB7B4D-4614-4A24-AE6F-D9E5FD6CCF47}.Debug|Any CPU.ActiveCfg = Debug|Any CPU
		{CAEB7B4D-4614-4A24-AE6F-D9E5FD6CCF47}.Debug|Any CPU.Build.0 = Debug|Any CPU
		{CAEB7B4D-4614-4A24-AE6F-D9E5FD6CCF47}.Release|Any CPU.ActiveCfg = Release|Any CPU
		{CAEB7B4D-4614-4A24-AE6F-D9E5FD6CCF47}.Release|Any CPU.Build.0 = Release|Any CPU
		{E69188AF-6C45-4B29-85E1-1550900808A7}.Debug|Any CPU.ActiveCfg = Debug|Any CPU
		{E69188AF-6C45-4B29-85E1-1550900808A7}.Debug|Any CPU.Build.0 = Debug|Any CPU
		{E69188AF-6C45-4B29-85E1-1550900808A7}.Release|Any CPU.ActiveCfg = Release|Any CPU
		{E69188AF-6C45-4B29-85E1-1550900808A7}.Release|Any CPU.Build.0 = Release|Any CPU
	EndGlobalSection
	GlobalSection(SolutionProperties) = preSolution
		HideSolutionNode = FALSE
	EndGlobalSection
	GlobalSection(ExtensibilityGlobals) = postSolution
		SolutionGuid = {D673B809-4311-4F51-BCD2-6E5F5BB63ADE}
	EndGlobalSection
EndGlobal
